# This file is automatically @generated by Cargo.
# It is not intended for manual editing.
[[package]]
name = "bitvec"
version = "0.17.4"
source = "registry+https://github.com/rust-lang/crates.io-index"
dependencies = [
 "either 1.6.0 (registry+https://github.com/rust-lang/crates.io-index)",
 "radium 0.3.0 (registry+https://github.com/rust-lang/crates.io-index)",
]

[[package]]
name = "either"
version = "1.6.0"
source = "registry+https://github.com/rust-lang/crates.io-index"

[[package]]
name = "partitionrefinement"
version = "0.1.0"
dependencies = [
 "bitvec 0.17.4 (registry+https://github.com/rust-lang/crates.io-index)",
]

[[package]]
name = "radium"
version = "0.3.0"
source = "registry+https://github.com/rust-lang/crates.io-index"

[metadata]
"checksum bitvec 0.17.4 (registry+https://github.com/rust-lang/crates.io-index)" = "41262f11d771fd4a61aa3ce019fca363b4b6c282fca9da2a31186d3965a47a5c"
"checksum either 1.6.0 (registry+https://github.com/rust-lang/crates.io-index)" = "cd56b59865bce947ac5958779cfa508f6c3b9497cc762b7e24a12d11ccde2c4f"
"checksum radium 0.3.0 (registry+https://github.com/rust-lang/crates.io-index)" = "def50a86306165861203e7f84ecffbbdfdea79f0e51039b33de1e952358c47ac"
